
Microsoft Visual Studio Solution File, Format Version 12.00
# Visual Studio Version 17
VisualStudioVersion = 17.5.33414.496
MinimumVisualStudioVersion = 10.0.40219.1
Project("{FAE04EC0-301F-11D3-BF4B-00C04F79EFBC}") = "mail-summarizer-api", "mail-summarizer-api\mail-summarizer-api.csproj", "{7DE330FB-BB8D-44C1-8465-9F2AFDEDD4D8}"
EndProject
Global
	GlobalSection(SolutionConfigurationPlatforms) = preSolution
		Debug|Any CPU = Debug|Any CPU
		Release|Any CPU = Release|Any CPU
	EndGlobalSection
	GlobalSection(ProjectConfigurationPlatforms) = postSolution
		{7DE330FB-BB8D-44C1-8465-9F2AFDEDD4D8}.Debug|Any CPU.ActiveCfg = Debug|Any CPU
		{7DE330FB-BB8D-44C1-8465-9F2AFDEDD4D8}.Debug|Any CPU.Build.0 = Debug|Any CPU
		{7DE330FB-BB8D-44C1-8465-9F2AFDEDD4D8}.Release|Any CPU.ActiveCfg = Release|Any CPU
		{7DE330FB-BB8D-44C1-8465-9F2AFDEDD4D8}.Release|Any CPU.Build.0 = Release|Any CPU
	EndGlobalSection
	GlobalSection(SolutionProperties) = preSolution
		HideSolutionNode = FALSE
	EndGlobalSection
	GlobalSection(ExtensibilityGlobals) = postSolution
		SolutionGuid = {C4A3CBCD-7687-45E2-A39A-0AFC65D850D2}
	EndGlobalSection
EndGlobal
